// !$*UTF8*$!
{
	archiveVersion = 1;
	classes = {
	};
	objectVersion = 77;
	objects = {

/* Begin PBXBuildFile section */
		09CBCCF82FA5EBDA00D2531D /* FavoriteLeague+CoreDataProperties.swift in Sources */ = {isa = PBXBuildFile; fileRef = 09CBCCF72FA5EBDA00D2531D /* FavoriteLeague+CoreDataProperties.swift */; };
		09CBCCF92FA5EBDA00D2531D /* FavoriteLeague+CoreDataClass.swift in Sources */ = {isa = PBXBuildFile; fileRef = 09CBCCF62FA5EBDA00D2531D /* FavoriteLeague+CoreDataClass.swift */; };
		6DB9DC052FA156BE00EC05A2 /* Reachability in Frameworks */ = {isa = PBXBuildFile; productRef = 6DB9DC042FA156BE00EC05A2 /* Reachability */; };
		6DB9DC082FA156E000EC05A2 /* SDWebImageSwiftUI in Frameworks */ = {isa = PBXBuildFile; productRef = 6DB9DC072FA156E000EC05A2 /* SDWebImageSwiftUI */; };
		6DB9DC0B2FA158A200EC05A2 /* Alamofire in Frameworks */ = {isa = PBXBuildFile; productRef = 6DB9DC0A2FA158A200EC05A2 /* Alamofire */; };
/* End PBXBuildFile section */

/* Begin PBXContainerItemProxy section */
		68E153CD2FA098CF00C886DF /* PBXContainerItemProxy */ = {
			isa = PBXContainerItemProxy;
			containerPortal = 68E153AB2FA098CE00C886DF /* Project object */;
			proxyType = 1;
			remoteGlobalIDString = 68E153B22FA098CE00C886DF;
			remoteInfo = SportFolio;
		};
		68E153D72FA098CF00C886DF /* PBXContainerItemProxy */ = {
			isa = PBXContainerItemProxy;
			containerPortal = 68E153AB2FA098CE00C886DF /* Project object */;
			proxyType = 1;
			remoteGlobalIDString = 68E153B22FA098CE00C886DF;
			remoteInfo = SportFolio;
		};
/* End PBXContainerItemProxy section */

/* Begin PBXFileReference section */
		09CBCCF62FA5EBDA00D2531D /* FavoriteLeague+CoreDataClass.swift */ = {isa = PBXFileReference; lastKnownFileType = sourcecode.swift; path = "FavoriteLeague+CoreDataClass.swift"; sourceTree = "<group>"; };
		09CBCCF72FA5EBDA00D2531D /* FavoriteLeague+CoreDataProperties.swift */ = {isa = PBXFileReference; lastKnownFileType = sourcecode.swift; path = "FavoriteLeague+CoreDataProperties.swift"; sourceTree = "<group>"; };
		68E153B32FA098CE00C886DF /* SportFolio.app */ = {isa = PBXFileReference; explicitFileType = wrapper.application; includeInIndex = 0; path = SportFolio.app; sourceTree = BUILT_PRODUCTS_DIR; };
		68E153CC2FA098CF00C886DF /* SportFolioTests.xctest */ = {isa = PBXFileReference; explicitFileType = wrapper.cfbundle; includeInIndex = 0; path = SportFolioTests.xctest; sourceTree = BUILT_PRODUCTS_DIR; };
		68E153D62FA098CF00C886DF /* SportFolioUITests.xctest */ = {isa = PBXFileReference; explicitFileType = wrapper.cfbundle; includeInIndex = 0; path = SportFolioUITests.xctest; sourceTree = BUILT_PRODUCTS_DIR; };
/* End PBXFileReference section */

/* Begin PBXFileSystemSynchronizedBuildFileExceptionSet section */
		68E153DE2FA098CF00C886DF /* Exceptions for "SportFolio" folder in "SportFolio" target */ = {
			isa = PBXFileSystemSynchronizedBuildFileExceptionSet;
			membershipExceptions = (
				Info.plist,
			);
			target = 68E153B22FA098CE00C886DF /* SportFolio */;
		};
/* End PBXFileSystemSynchronizedBuildFileExceptionSet section */

/* Begin PBXFileSystemSynchronizedRootGroup section */
		68E153B52FA098CE00C886DF /* SportFolio */ = {
			isa = PBXFileSystemSynchronizedRootGroup;
			exceptions = (
				68E153DE2FA098CF00C886DF /* Exceptions for "SportFolio" folder in "SportFolio" target */,
			);
			path = SportFolio;
			sourceTree = "<group>";
		};
		68E153CF2FA098CF00C886DF /* SportFolioTests */ = {
			isa = PBXFileSystemSynchronizedRootGroup;
			path = SportFolioTests;
			sourceTree = "<group>";
		};
		68E153D92FA098CF00C886DF /* SportFolioUITests */ = {
			isa = PBXFileSystemSynchronizedRootGroup;
			path = SportFolioUITests;
			sourceTree = "<group>";
		};
/* End PBXFileSystemSynchronizedRootGroup section */

/* Begin PBXFrameworksBuildPhase section */
		68E153B02FA098CE00C886DF /* Frameworks */ = {
			isa = PBXFrameworksBuildPhase;
			buildActionMask = 2147483647;
			files = (
				6DB9DC0B2FA158A200EC05A2 /* Alamofire in Frameworks */,
				6DB9DC082FA156E000EC05A2 /* SDWebImageSwiftUI in Frameworks */,
				6DB9DC052FA156BE00EC05A2 /* Reachability in Frameworks */,
			);
			runOnlyForDeploymentPostprocessing = 0;
		};
		68E153C92FA098CF00C886DF /* Frameworks */ = {
			isa = PBXFrameworksBuildPhase;
			buildActionMask = 2147483647;
			files = (
			);
			runOnlyForDeploymentPostprocessing = 0;
		};
		68E153D32FA098CF00C886DF /* Frameworks */ = {
			isa = PBXFrameworksBuildPhase;
			buildActionMask = 2147483647;
			files = (
			);
			runOnlyForDeploymentPostprocessing = 0;
		};
/* End PBXFrameworksBuildPhase section */

/* Begin PBXGroup section */
		68E153AA2FA098CE00C886DF = {
			isa = PBXGroup;
			children = (
				09CBCCF62FA5EBDA00D2531D /* FavoriteLeague+CoreDataClass.swift */,
				09CBCCF72FA5EBDA00D2531D /* FavoriteLeague+CoreDataProperties.swift */,
				68E153B52FA098CE00C886DF /* SportFolio */,
				68E153CF2FA098CF00C886DF /* SportFolioTests */,
				68E153D92FA098CF00C886DF /* SportFolioUITests */,
				68E153B42FA098CE00C886DF /* Products */,
			);
			sourceTree = "<group>";
		};
		68E153B42FA098CE00C886DF /* Products */ = {
			isa = PBXGroup;
			children = (
				68E153B32FA098CE00C886DF /* SportFolio.app */,
				68E153CC2FA098CF00C886DF /* SportFolioTests.xctest */,
				68E153D62FA098CF00C886DF /* SportFolioUITests.xctest */,
			);
			name = Products;
			sourceTree = "<group>";
		};
/* End PBXGroup section */

/* Begin PBXNativeTarget section */
		68E153B22FA098CE00C886DF /* SportFolio */ = {
			isa = PBXNativeTarget;
			buildConfigurationList = 68E153DF2FA098CF00C886DF /* Build configuration list for PBXNativeTarget "SportFolio" */;
			buildPhases = (
				68E153AF2FA098CE00C886DF /* Sources */,
				68E153B02FA098CE00C886DF /* Frameworks */,
				68E153B12FA098CE00C886DF /* Resources */,
			);
			buildRules = (
			);
			dependencies = (
			);
			fileSystemSynchronizedGroups = (
				68E153B52FA098CE00C886DF /* SportFolio */,
			);
			name = SportFolio;
			packageProductDependencies = (
				6DB9DC042FA156BE00EC05A2 /* Reachability */,
				6DB9DC072FA156E000EC05A2 /* SDWebImageSwiftUI */,
				6DB9DC0A2FA158A200EC05A2 /* Alamofire */,
			);
			productName = SportFolio;
			productReference = 68E153B32FA098CE00C886DF /* SportFolio.app */;
			productType = "com.apple.product-type.application";
		};
		68E153CB2FA098CF00C886DF /* SportFolioTests */ = {
			isa = PBXNativeTarget;
			buildConfigurationList = 68E153E42FA098CF00C886DF /* Build configuration list for PBXNativeTarget "SportFolioTests" */;
			buildPhases = (
				68E153C82FA098CF00C886DF /* Sources */,
				68E153C92FA098CF00C886DF /* Frameworks */,
				68E153CA2FA098CF00C886DF /* Resources */,
			);
			buildRules = (
			);
			dependencies = (
				68E153CE2FA098CF00C886DF /* PBXTargetDependency */,
			);
			fileSystemSynchronizedGroups = (
				68E153CF2FA098CF00C886DF /* SportFolioTests */,
			);
			name = SportFolioTests;
			packageProductDependencies = (
			);
			productName = SportFolioTests;
			productReference = 68E153CC2FA098CF00C886DF /* SportFolioTests.xctest */;
			productType = "com.apple.product-type.bundle.unit-test";
		};
		68E153D52FA098CF00C886DF /* SportFolioUITests */ = {
			isa = PBXNativeTarget;
			buildConfigurationList = 68E153E72FA098CF00C886DF /* Build configuration list for PBXNativeTarget "SportFolioUITests" */;
			buildPhases = (
				68E153D22FA098CF00C886DF /* Sources */,
				68E153D32FA098CF00C886DF /* Frameworks */,
				68E153D42FA098CF00C886DF /* Resources */,
			);
			buildRules = (
			);
			dependencies = (
				68E153D82FA098CF00C886DF /* PBXTargetDependency */,
			);
			fileSystemSynchronizedGroups = (
				68E153D92FA098CF00C886DF /* SportFolioUITests */,
			);
			name = SportFolioUITests;
			packageProductDependencies = (
			);
			productName = SportFolioUITests;
			productReference = 68E153D62FA098CF00C886DF /* SportFolioUITests.xctest */;
			productType = "com.apple.product-type.bundle.ui-testing";
		};
/* End PBXNativeTarget section */

/* Begin PBXProject section */
		68E153AB2FA098CE00C886DF /* Project object */ = {
			isa = PBXProject;
			attributes = {
				BuildIndependentTargetsInParallel = 1;
				LastSwiftUpdateCheck = 1630;
				LastUpgradeCheck = 1630;
				TargetAttributes = {
					68E153B22FA098CE00C886DF = {
						CreatedOnToolsVersion = 16.3;
					};
					68E153CB2FA098CF00C886DF = {
						CreatedOnToolsVersion = 16.3;
						TestTargetID = 68E153B22FA098CE00C886DF;
					};
					68E153D52FA098CF00C886DF = {
						CreatedOnToolsVersion = 16.3;
						TestTargetID = 68E153B22FA098CE00C886DF;
					};
				};
			};
			buildConfigurationList = 68E153AE2FA098CE00C886DF /* Build configuration list for PBXProject "SportFolio" */;
			developmentRegion = en;
			hasScannedForEncodings = 0;
			knownRegions = (
				en,
				Base,
			);
			mainGroup = 68E153AA2FA098CE00C886DF;
			minimizedProjectReferenceProxies = 1;
			packageReferences = (
				6DB9DC032FA156BE00EC05A2 /* XCRemoteSwiftPackageReference "Reachability" */,
				6DB9DC062FA156E000EC05A2 /* XCRemoteSwiftPackageReference "SDWebImageSwiftUI" */,
				6DB9DC092FA158A200EC05A2 /* XCRemoteSwiftPackageReference "Alamofire" */,
			);
			preferredProjectObjectVersion = 77;
			productRefGroup = 68E153B42FA098CE00C886DF /* Products */;
			projectDirPath = "";
			projectRoot = "";
			targets = (
				68E153B22FA098CE00C886DF /* SportFolio */,
				68E153CB2FA098CF00C886DF /* SportFolioTests */,
				68E153D52FA098CF00C886DF /* SportFolioUITests */,
			);
		};
/* End PBXProject section */

/* Begin PBXResourcesBuildPhase section */
		68E153B12FA098CE00C886DF /* Resources */ = {
			isa = PBXResourcesBuildPhase;
			buildActionMask = 2147483647;
			files = (
			);
			runOnlyForDeploymentPostprocessing = 0;
		};
		68E153CA2FA098CF00C886DF /* Resources */ = {
			isa = PBXResourcesBuildPhase;
			buildActionMask = 2147483647;
			files = (
			);
			runOnlyForDeploymentPostprocessing = 0;
		};
		68E153D42FA098CF00C886DF /* Resources */ = {
			isa = PBXResourcesBuildPhase;
			buildActionMask = 2147483647;
			files = (
			);
			runOnlyForDeploymentPostprocessing = 0;
		};
/* End PBXResourcesBuildPhase section */

/* Begin PBXSourcesBuildPhase section */
		68E153AF2FA098CE00C886DF /* Sources */ = {
			isa = PBXSourcesBuildPhase;
			buildActionMask = 2147483647;
			files = (
				09CBCCF82FA5EBDA00D2531D /* FavoriteLeague+CoreDataProperties.swift in Sources */,
				09CBCCF92FA5EBDA00D2531D /* FavoriteLeague+CoreDataClass.swift in Sources */,
			);
			runOnlyForDeploymentPostprocessing = 0;
		};
		68E153C82FA098CF00C886DF /* Sources */ = {
			isa = PBXSourcesBuildPhase;
			buildActionMask = 2147483647;
			files = (
			);
			runOnlyForDeploymentPostprocessing = 0;
		};
		68E153D22FA098CF00C886DF /* Sources */ = {
			isa = PBXSourcesBuildPhase;
			buildActionMask = 2147483647;
			files = (
			);
			runOnlyForDeploymentPostprocessing = 0;
		};
/* End PBXSourcesBuildPhase section */

/* Begin PBXTargetDependency section */
		68E153CE2FA098CF00C886DF /* PBXTargetDependency */ = {
			isa = PBXTargetDependency;
			target = 68E153B22FA098CE00C886DF /* SportFolio */;
			targetProxy = 68E153CD2FA098CF00C886DF /* PBXContainerItemProxy */;
		};
		68E153D82FA098CF00C886DF /* PBXTargetDependency */ = {
			isa = PBXTargetDependency;
			target = 68E153B22FA098CE00C886DF /* SportFolio */;
			targetProxy = 68E153D72FA098CF00C886DF /* PBXContainerItemProxy */;
		};
/* End PBXTargetDependency section */

/* Begin XCBuildConfiguration section */
		68E153E02FA098CF00C886DF /* Debug */ = {
			isa = XCBuildConfiguration;
			buildSettings = {
				ASSETCATALOG_COMPILER_APPICON_NAME = AppIcon;
				ASSETCATALOG_COMPILER_GLOBAL_ACCENT_COLOR_NAME = AccentColor;
				CODE_SIGN_STYLE = Automatic;
				CURRENT_PROJECT_VERSION = 1;
				GENERATE_INFOPLIST_FILE = YES;
				INFOPLIST_FILE = SportFolio/Info.plist;
				INFOPLIST_KEY_UIApplicationSupportsIndirectInputEvents = YES;
				INFOPLIST_KEY_UILaunchStoryboardName = LaunchScreen;
				INFOPLIST_KEY_UIMainStoryboardFile = Main;
				INFOPLIST_KEY_UISupportedInterfaceOrientations_iPad = "UIInterfaceOrientationPortrait UIInterfaceOrientationPortraitUpsideDown UIInterfaceOrientationLandscapeLeft UIInterfaceOrientationLandscapeRight";
				INFOPLIST_KEY_UISupportedInterfaceOrientations_iPhone = "UIInterfaceOrientationPortrait UIInterfaceOrientationLandscapeLeft UIInterfaceOrientationLandscapeRight";
				LD_RUNPATH_SEARCH_PATHS = (
					"$(inherited)",
					"@executable_path/Frameworks",
				);
				MARKETING_VERSION = 1.0;
				PRODUCT_BUNDLE_IDENTIFIER = iti.SportFolio;
				PRODUCT_NAME = "$(TARGET_NAME)";
				SWIFT_EMIT_LOC_STRINGS = YES;
				SWIFT_VERSION = 5.0;
				TARGETED_DEVICE_FAMILY = "1,2";
			};
			name = Debug;
		};
		68E153E12FA098CF00C886DF /* Release */ = {
			isa = XCBuildConfiguration;
			buildSettings = {
				ASSETCATALOG_COMPILER_APPICON_NAME = AppIcon;
				ASSETCATALOG_COMPILER_GLOBAL_ACCENT_COLOR_NAME = AccentColor;
				CODE_SIGN_STYLE = Automatic;
				CURRENT_PROJECT_VERSION = 1;
				GENERATE_INFOPLIST_FILE = YES;
				INFOPLIST_FILE = SportFolio/Info.plist;
				INFOPLIST_KEY_UIApplicationSupportsIndirectInputEvents = YES;
				INFOPLIST_KEY_UILaunchStoryboardName = LaunchScreen;
				INFOPLIST_KEY_UIMainStoryboardFile = Main;
				INFOPLIST_KEY_UISupportedInterfaceOrientations_iPad = "UIInterfaceOrientationPortrait UIInterfaceOrientationPortraitUpsideDown UIInterfaceOrientationLandscapeLeft UIInterfaceOrientationLandscapeRight";
				INFOPLIST_KEY_UISupportedInterfaceOrientations_iPhone = "UIInterfaceOrientationPortrait UIInterfaceOrientationLandscapeLeft UIInterfaceOrientationLandscapeRight";
				LD_RUNPATH_SEARCH_PATHS = (
					"$(inherited)",
					"@executable_path/Frameworks",
				);
				MARKETING_VERSION = 1.0;
				PRODUCT_BUNDLE_IDENTIFIER = iti.SportFolio;
				PRODUCT_NAME = "$(TARGET_NAME)";
				SWIFT_EMIT_LOC_STRINGS = YES;
				SWIFT_VERSION = 5.0;
				TARGETED_DEVICE_FAMILY = "1,2";
			};
			name = Release;
		};
		68E153E22FA098CF00C886DF /* Debug */ = {
			isa = XCBuildConfiguration;
			buildSettings = {
				ALWAYS_SEARCH_USER_PATHS = NO;
				ASSETCATALOG_COMPILER_GENERATE_SWIFT_ASSET_SYMBOL_EXTENSIONS = YES;
				CLANG_ANALYZER_NONNULL = YES;
				CLANG_ANALYZER_NUMBER_OBJECT_CONVERSION = YES_AGGRESSIVE;
				CLANG_CXX_LANGUAGE_STANDARD = "gnu++20";
				CLANG_ENABLE_MODULES = YES;
				CLANG_ENABLE_OBJC_ARC = YES;
				CLANG_ENABLE_OBJC_WEAK = YES;
				CLANG_WARN_BLOCK_CAPTURE_AUTORELEASING = YES;
				CLANG_WARN_BOOL_CONVERSION = YES;
				CLANG_WARN_COMMA = YES;
				CLANG_WARN_CONSTANT_CONVERSION = YES;
				CLANG_WARN_DEPRECATED_OBJC_IMPLEMENTATIONS = YES;
				CLANG_WARN_DIRECT_OBJC_ISA_USAGE = YES_ERROR;
				CLANG_WARN_DOCUMENTATION_COMMENTS = YES;
				CLANG_WARN_EMPTY_BODY = YES;
				CLANG_WARN_ENUM_CONVERSION = YES;
				CLANG_WARN_INFINITE_RECURSION = YES;
				CLANG_WARN_INT_CONVERSION = YES;
				CLANG_WARN_NON_LITERAL_NULL_CONVERSION = YES;
				CLANG_WARN_OBJC_IMPLICIT_RETAIN_SELF = YES;
				CLANG_WARN_OBJC_LITERAL_CONVERSION = YES;
				CLANG_WARN_OBJC_ROOT_CLASS = YES_ERROR;
				CLANG_WARN_QUOTED_INCLUDE_IN_FRAMEWORK_HEADER = YES;
				CLANG_WARN_RANGE_LOOP_ANALYSIS = YES;
				CLANG_WARN_STRICT_PROTOTYPES = YES;
				CLANG_WARN_SUSPICIOUS_MOVE = YES;
				CLANG_WARN_UNGUARDED_AVAILABILITY = YES_AGGRESSIVE;
				CLANG_WARN_UNREACHABLE_CODE = YES;
				CLANG_WARN__DUPLICATE_METHOD_MATCH = YES;
				COPY_PHASE_STRIP = NO;
				DEBUG_INFORMATION_FORMAT = dwarf;
				ENABLE_STRICT_OBJC_MSGSEND = YES;
				ENABLE_TESTABILITY = YES;
				ENABLE_USER_SCRIPT_SANDBOXING = YES;
				GCC_C_LANGUAGE_STANDARD = gnu17;
				GCC_DYNAMIC_NO_PIC = NO;
				GCC_NO_COMMON_BLOCKS = YES;
				GCC_OPTIMIZATION_LEVEL = 0;
				GCC_PREPROCESSOR_DEFINITIONS = (
					"DEBUG=1",
					"$(inherited)",
				);
				GCC_WARN_64_TO_32_BIT_CONVERSION = YES;
				GCC_WARN_ABOUT_RETURN_TYPE = YES_ERROR;
				GCC_WARN_UNDECLARED_SELECTOR = YES;
				GCC_WARN_UNINITIALIZED_AUTOS = YES_AGGRESSIVE;
				GCC_WARN_UNUSED_FUNCTION = YES;
				GCC_WARN_UNUSED_VARIABLE = YES;
				IPHONEOS_DEPLOYMENT_TARGET = 18.4;
				LOCALIZATION_PREFERS_STRING_CATALOGS = YES;
				MTL_ENABLE_DEBUG_INFO = INCLUDE_SOURCE;
				MTL_FAST_MATH = YES;
				ONLY_ACTIVE_ARCH = YES;
				SDKROOT = iphoneos;
				SWIFT_ACTIVE_COMPILATION_CONDITIONS = "DEBUG $(inherited)";
				SWIFT_OPTIMIZATION_LEVEL = "-Onone";
			};
			name = Debug;
		};
		68E153E32FA098CF00C886DF /* Release */ = {
			isa = XCBuildConfiguration;
			buildSettings = {
				ALWAYS_SEARCH_USER_PATHS = NO;
				ASSETCATALOG_COMPILER_GENERATE_SWIFT_ASSET_SYMBOL_EXTENSIONS = YES;
				CLANG_ANALYZER_NONNULL = YES;
				CLANG_ANALYZER_NUMBER_OBJECT_CONVERSION = YES_AGGRESSIVE;
				CLANG_CXX_LANGUAGE_STANDARD = "gnu++20";
				CLANG_ENABLE_MODULES = YES;
				CLANG_ENABLE_OBJC_ARC = YES;
				CLANG_ENABLE_OBJC_WEAK = YES;
				CLANG_WARN_BLOCK_CAPTURE_AUTORELEASING = YES;
				CLANG_WARN_BOOL_CONVERSION = YES;
				CLANG_WARN_COMMA = YES;
				CLANG_WARN_CONSTANT_CONVERSION = YES;
				CLANG_WARN_DEPRECATED_OBJC_IMPLEMENTATIONS = YES;
				CLANG_WARN_DIRECT_OBJC_ISA_USAGE = YES_ERROR;
				CLANG_WARN_DOCUMENTATION_COMMENTS = YES;
				CLANG_WARN_EMPTY_BODY = YES;
				CLANG_WARN_ENUM_CONVERSION = YES;
				CLANG_WARN_INFINITE_RECURSION = YES;
				CLANG_WARN_INT_CONVERSION = YES;
				CLANG_WARN_NON_LITERAL_NULL_CONVERSION = YES;
				CLANG_WARN_OBJC_IMPLICIT_RETAIN_SELF = YES;
				CLANG_WARN_OBJC_LITERAL_CONVERSION = YES;
				CLANG_WARN_OBJC_ROOT_CLASS = YES_ERROR;
				CLANG_WARN_QUOTED_INCLUDE_IN_FRAMEWORK_HEADER = YES;
				CLANG_WARN_RANGE_LOOP_ANALYSIS = YES;
				CLANG_WARN_STRICT_PROTOTYPES = YES;
				CLANG_WARN_SUSPICIOUS_MOVE = YES;
				CLANG_WARN_UNGUARDED_AVAILABILITY = YES_AGGRESSIVE;
				CLANG_WARN_UNREACHABLE_CODE = YES;
				CLANG_WARN__DUPLICATE_METHOD_MATCH = YES;
				COPY_PHASE_STRIP = NO;
				DEBUG_INFORMATION_FORMAT = "dwarf-with-dsym";
				ENABLE_NS_ASSERTIONS = NO;
				ENABLE_STRICT_OBJC_MSGSEND = YES;
				ENABLE_USER_SCRIPT_SANDBOXING = YES;
				GCC_C_LANGUAGE_STANDARD = gnu17;
				GCC_NO_COMMON_BLOCKS = YES;
				GCC_WARN_64_TO_32_BIT_CONVERSION = YES;
				GCC_WARN_ABOUT_RETURN_TYPE = YES_ERROR;
				GCC_WARN_UNDECLARED_SELECTOR = YES;
				GCC_WARN_UNINITIALIZED_AUTOS = YES_AGGRESSIVE;
				GCC_WARN_UNUSED_FUNCTION = YES;
				GCC_WARN_UNUSED_VARIABLE = YES;
				IPHONEOS_DEPLOYMENT_TARGET = 18.4;
				LOCALIZATION_PREFERS_STRING_CATALOGS = YES;
				MTL_ENABLE_DEBUG_INFO = NO;
				MTL_FAST_MATH = YES;
				SDKROOT = iphoneos;
				SWIFT_COMPILATION_MODE = wholemodule;
				VALIDATE_PRODUCT = YES;
			};
			name = Release;
		};
		68E153E52FA098CF00C886DF /* Debug */ = {
			isa = XCBuildConfiguration;
			buildSettings = {
				BUNDLE_LOADER = "$(TEST_HOST)";
				CODE_SIGN_STYLE = Automatic;
				CURRENT_PROJECT_VERSION = 1;
				GENERATE_INFOPLIST_FILE = YES;
				IPHONEOS_DEPLOYMENT_TARGET = 18.4;
				MARKETING_VERSION = 1.0;
				PRODUCT_BUNDLE_IDENTIFIER = iti.SportFolioTests;
				PRODUCT_NAME = "$(TARGET_NAME)";
				SWIFT_EMIT_LOC_STRINGS = NO;
				SWIFT_VERSION = 5.0;
				TARGETED_DEVICE_FAMILY = "1,2";
				TEST_HOST = "$(BUILT_PRODUCTS_DIR)/SportFolio.app/$(BUNDLE_EXECUTABLE_FOLDER_PATH)/SportFolio";
			};
			name = Debug;
		};
		68E153E62FA098CF00C886DF /* Release */ = {
			isa = XCBuildConfiguration;
			buildSettings = {
				BUNDLE_LOADER = "$(TEST_HOST)";
				CODE_SIGN_STYLE = Automatic;
				CURRENT_PROJECT_VERSION = 1;
				GENERATE_INFOPLIST_FILE = YES;
				IPHONEOS_DEPLOYMENT_TARGET = 18.4;
				MARKETING_VERSION = 1.0;
				PRODUCT_BUNDLE_IDENTIFIER = iti.SportFolioTests;
				PRODUCT_NAME = "$(TARGET_NAME)";
				SWIFT_EMIT_LOC_STRINGS = NO;
				SWIFT_VERSION = 5.0;
				TARGETED_DEVICE_FAMILY = "1,2";
				TEST_HOST = "$(BUILT_PRODUCTS_DIR)/SportFolio.app/$(BUNDLE_EXECUTABLE_FOLDER_PATH)/SportFolio";
			};
			name = Release;
		};
		68E153E82FA098CF00C886DF /* Debug */ = {
			isa = XCBuildConfiguration;
			buildSettings = {
				CODE_SIGN_STYLE = Automatic;
				CURRENT_PROJECT_VERSION = 1;
				GENERATE_INFOPLIST_FILE = YES;
				MARKETING_VERSION = 1.0;
				PRODUCT_BUNDLE_IDENTIFIER = iti.SportFolioUITests;
				PRODUCT_NAME = "$(TARGET_NAME)";
				SWIFT_EMIT_LOC_STRINGS = NO;
				SWIFT_VERSION = 5.0;
				TARGETED_DEVICE_FAMILY = "1,2";
				TEST_TARGET_NAME = SportFolio;
			};
			name = Debug;
		};
		68E153E92FA098CF00C886DF /* Release */ = {
			isa = XCBuildConfiguration;
			buildSettings = {
				CODE_SIGN_STYLE = Automatic;
				CURRENT_PROJECT_VERSION = 1;
				GENERATE_INFOPLIST_FILE = YES;
				MARKETING_VERSION = 1.0;
				PRODUCT_BUNDLE_IDENTIFIER = iti.SportFolioUITests;
				PRODUCT_NAME = "$(TARGET_NAME)";
				SWIFT_EMIT_LOC_STRINGS = NO;
				SWIFT_VERSION = 5.0;
				TARGETED_DEVICE_FAMILY = "1,2";
				TEST_TARGET_NAME = SportFolio;
			};
			name = Release;
		};
/* End XCBuildConfiguration section */

/* Begin XCConfigurationList section */
		68E153AE2FA098CE00C886DF /* Build configuration list for PBXProject "SportFolio" */ = {
			isa = XCConfigurationList;
			buildConfigurations = (
				68E153E22FA098CF00C886DF /* Debug */,
				68E153E32FA098CF00C886DF /* Release */,
			);
			defaultConfigurationIsVisible = 0;
			defaultConfigurationName = Release;
		};
		68E153DF2FA098CF00C886DF /* Build configuration list for PBXNativeTarget "SportFolio" */ = {
			isa = XCConfigurationList;
			buildConfigurations = (
				68E153E02FA098CF00C886DF /* Debug */,
				68E153E12FA098CF00C886DF /* Release */,
			);
			defaultConfigurationIsVisible = 0;
			defaultConfigurationName = Release;
		};
		68E153E42FA098CF00C886DF /* Build configuration list for PBXNativeTarget "SportFolioTests" */ = {
			isa = XCConfigurationList;
			buildConfigurations = (
				68E153E52FA098CF00C886DF /* Debug */,
				68E153E62FA098CF00C886DF /* Release */,
			);
			defaultConfigurationIsVisible = 0;
			defaultConfigurationName = Release;
		};
		68E153E72FA098CF00C886DF /* Build configuration list for PBXNativeTarget "SportFolioUITests" */ = {
			isa = XCConfigurationList;
			buildConfigurations = (
				68E153E82FA098CF00C886DF /* Debug */,
				68E153E92FA098CF00C886DF /* Release */,
			);
			defaultConfigurationIsVisible = 0;
			defaultConfigurationName = Release;
		};
/* End XCConfigurationList section */

/* Begin XCRemoteSwiftPackageReference section */
		6DB9DC032FA156BE00EC05A2 /* XCRemoteSwiftPackageReference "Reachability" */ = {
			isa = XCRemoteSwiftPackageReference;
			repositoryURL = "https://github.com/ashleymills/Reachability.swift";
			requirement = {
				branch = master;
				kind = branch;
			};
		};
		6DB9DC062FA156E000EC05A2 /* XCRemoteSwiftPackageReference "SDWebImageSwiftUI" */ = {
			isa = XCRemoteSwiftPackageReference;
			repositoryURL = "https://github.com/SDWebImage/SDWebImageSwiftUI.git";
			requirement = {
				kind = upToNextMajorVersion;
				minimumVersion = 3.1.4;
			};
		};
		6DB9DC092FA158A200EC05A2 /* XCRemoteSwiftPackageReference "Alamofire" */ = {
			isa = XCRemoteSwiftPackageReference;
			repositoryURL = "https://github.com/Alamofire/Alamofire.git";
			requirement = {
				kind = upToNextMajorVersion;
				minimumVersion = 5.11.2;
			};
		};
/* End XCRemoteSwiftPackageReference section */

/* Begin XCSwiftPackageProductDependency section */
		6DB9DC042FA156BE00EC05A2 /* Reachability */ = {
			isa = XCSwiftPackageProductDependency;
			package = 6DB9DC032FA156BE00EC05A2 /* XCRemoteSwiftPackageReference "Reachability" */;
			productName = Reachability;
		};
		6DB9DC072FA156E000EC05A2 /* SDWebImageSwiftUI */ = {
			isa = XCSwiftPackageProductDependency;
			package = 6DB9DC062FA156E000EC05A2 /* XCRemoteSwiftPackageReference "SDWebImageSwiftUI" */;
			productName = SDWebImageSwiftUI;
		};
		6DB9DC0A2FA158A200EC05A2 /* Alamofire */ = {
			isa = XCSwiftPackageProductDependency;
			package = 6DB9DC092FA158A200EC05A2 /* XCRemoteSwiftPackageReference "Alamofire" */;
			productName = Alamofire;
		};
/* End XCSwiftPackageProductDependency section */
	};
	rootObject = 68E153AB2FA098CE00C886DF /* Project object */;
}
